
Microsoft Visual Studio Solution File, Format Version 12.00
# Visual Studio 14
VisualStudioVersion = 14.0.25123.0
MinimumVisualStudioVersion = 10.0.40219.1
Project("{FAE04EC0-301F-11D3-BF4B-00C04F79EFBC}") = "MAGIK", "MAGIK\MAGIK.csproj", "{1E4801AE-0383-4F49-94EA-1739D6F5D59B}"
EndProject
Project("{FAE04EC0-301F-11D3-BF4B-00C04F79EFBC}") = "UnitTestProject1", "UnitTestProject1\UnitTestProject1.csproj", "{BE88E8C7-5923-49CD-ABD4-C18D5C4F0F2C}"
EndProject
Project("{FAE04EC0-301F-11D3-BF4B-00C04F79EFBC}") = "MagikConsole", "MagikConsole\MagikConsole.csproj", "{98A6A9B8-FC3A-4BB0-81F3-65D668B938F1}"
EndProject
Project("{FAE04EC0-301F-11D3-BF4B-00C04F79EFBC}") = "ServerLimitsTester", "ServerLimitsTester\ServerLimitsTester.csproj", "{7468339C-9849-4339-88CE-84BA396EA57F}"
EndProject
Project("{2150E333-8FDC-42A3-9474-1A3956D46DE8}") = "Solution Items", "Solution Items", "{6D8006CF-909A-41FD-8E05-88948AAF725B}"
	ProjectSection(SolutionItems) = preProject
		Performance1.psess = Performance1.psess
	EndProjectSection
EndProject
Project("{FAE04EC0-301F-11D3-BF4B-00C04F79EFBC}") = "MagikServer", "MagikServer\MagikServer.csproj", "{D6FF5A9C-B7AE-4265-9D4A-92EE4050CEEF}"
EndProject
Project("{FAE04EC0-301F-11D3-BF4B-00C04F79EFBC}") = "ContestantServerTester", "ContestantServerTester\ContestantServerTester.csproj", "{DD591EF6-16C7-4E49-9126-9592ADB1234A}"
EndProject
Global
	GlobalSection(Performance) = preSolution
		HasPerformanceSessions = true
	EndGlobalSection
	GlobalSection(SolutionConfigurationPlatforms) = preSolution
		Debug|Any CPU = Debug|Any CPU
		Release|Any CPU = Release|Any CPU
	EndGlobalSection
	GlobalSection(ProjectConfigurationPlatforms) = postSolution
		{1E4801AE-0383-4F49-94EA-1739D6F5D59B}.Debug|Any CPU.ActiveCfg = Debug|Any CPU
		{1E4801AE-0383-4F49-94EA-1739D6F5D59B}.Debug|Any CPU.Build.0 = Debug|Any CPU
		{1E4801AE-0383-4F49-94EA-1739D6F5D59B}.Release|Any CPU.ActiveCfg = Release|Any CPU
		{1E4801AE-0383-4F49-94EA-1739D6F5D59B}.Release|Any CPU.Build.0 = Release|Any CPU
		{BE88E8C7-5923-49CD-ABD4-C18D5C4F0F2C}.Debug|Any CPU.ActiveCfg = Debug|Any CPU
		{BE88E8C7-5923-49CD-ABD4-C18D5C4F0F2C}.Debug|Any CPU.Build.0 = Debug|Any CPU
		{BE88E8C7-5923-49CD-ABD4-C18D5C4F0F2C}.Release|Any CPU.ActiveCfg = Release|Any CPU
		{BE88E8C7-5923-49CD-ABD4-C18D5C4F0F2C}.Release|Any CPU.Build.0 = Release|Any CPU
		{98A6A9B8-FC3A-4BB0-81F3-65D668B938F1}.Debug|Any CPU.ActiveCfg = Debug|Any CPU
		{98A6A9B8-FC3A-4BB0-81F3-65D668B938F1}.Debug|Any CPU.Build.0 = Debug|Any CPU
		{98A6A9B8-FC3A-4BB0-81F3-65D668B938F1}.Release|Any CPU.ActiveCfg = Release|Any CPU
		{98A6A9B8-FC3A-4BB0-81F3-65D668B938F1}.Release|Any CPU.Build.0 = Release|Any CPU
		{7468339C-9849-4339-88CE-84BA396EA57F}.Debug|Any CPU.ActiveCfg = Debug|Any CPU
		{7468339C-9849-4339-88CE-84BA396EA57F}.Debug|Any CPU.Build.0 = Debug|Any CPU
		{7468339C-9849-4339-88CE-84BA396EA57F}.Release|Any CPU.ActiveCfg = Release|Any CPU
		{7468339C-9849-4339-88CE-84BA396EA57F}.Release|Any CPU.Build.0 = Release|Any CPU
		{D6FF5A9C-B7AE-4265-9D4A-92EE4050CEEF}.Debug|Any CPU.ActiveCfg = Debug|Any CPU
		{D6FF5A9C-B7AE-4265-9D4A-92EE4050CEEF}.Debug|Any CPU.Build.0 = Debug|Any CPU
		{D6FF5A9C-B7AE-4265-9D4A-92EE4050CEEF}.Release|Any CPU.ActiveCfg = Release|Any CPU
		{D6FF5A9C-B7AE-4265-9D4A-92EE4050CEEF}.Release|Any CPU.Build.0 = Release|Any CPU
		{DD591EF6-16C7-4E49-9126-9592ADB1234A}.Debug|Any CPU.ActiveCfg = Debug|Any CPU
		{DD591EF6-16C7-4E49-9126-9592ADB1234A}.Debug|Any CPU.Build.0 = Debug|Any CPU
		{DD591EF6-16C7-4E49-9126-9592ADB1234A}.Release|Any CPU.ActiveCfg = Release|Any CPU
		{DD591EF6-16C7-4E49-9126-9592ADB1234A}.Release|Any CPU.Build.0 = Release|Any CPU
	EndGlobalSection
	GlobalSection(SolutionProperties) = preSolution
		HideSolutionNode = FALSE
	EndGlobalSection
EndGlobal
